
Microsoft Visual Studio Solution File, Format Version 12.00
# Visual Studio Version 16
VisualStudioVersion = 16.0.31727.386
MinimumVisualStudioVersion = 10.0.40219.1
Project("{8BC9CEB8-8B4A-11D0-8D11-00A0C91BC942}") = "client", "client\client.vcxproj", "{115B5A2F-8B9D-4896-9880-FA38451B5C40}"
EndProject
Project("{8BC9CEB8-8B4A-11D0-8D11-00A0C91BC942}") = "server", "server\server.vcxproj", "{4F13E66F-A8C3-4615-B5FA-6CE0A16FC1B6}"
EndProject
Project("{8BC9CEB8-8B4A-11D0-8D11-00A0C91BC942}") = "game", "game_launch\game.vcxproj", "{2EE17C41-AF06-47F3-84CC-12049884E9B8}"
EndProject
Global
	GlobalSection(SolutionConfigurationPlatforms) = preSolution
		Debug|x86 = Debug|x86
		Release|x86 = Release|x86
		Template|x86 = Template|x86
	EndGlobalSection
	GlobalSection(ProjectConfigurationPlatforms) = postSolution
		{115B5A2F-8B9D-4896-9880-FA38451B5C40}.Debug|x86.ActiveCfg = Debug|Win32
		{115B5A2F-8B9D-4896-9880-FA38451B5C40}.Debug|x86.Build.0 = Debug|Win32
		{115B5A2F-8B9D-4896-9880-FA38451B5C40}.Release|x86.ActiveCfg = Release|Win32
		{115B5A2F-8B9D-4896-9880-FA38451B5C40}.Release|x86.Build.0 = Release|Win32
		{115B5A2F-8B9D-4896-9880-FA38451B5C40}.Template|x86.ActiveCfg = Release|Win32
		{115B5A2F-8B9D-4896-9880-FA38451B5C40}.Template|x86.Build.0 = Release|Win32
		{4F13E66F-A8C3-4615-B5FA-6CE0A16FC1B6}.Debug|x86.ActiveCfg = Debug|Win32
		{4F13E66F-A8C3-4615-B5FA-6CE0A16FC1B6}.Debug|x86.Build.0 = Debug|Win32
		{4F13E66F-A8C3-4615-B5FA-6CE0A16FC1B6}.Release|x86.ActiveCfg = Release|Win32
		{4F13E66F-A8C3-4615-B5FA-6CE0A16FC1B6}.Release|x86.Build.0 = Release|Win32
		{4F13E66F-A8C3-4615-B5FA-6CE0A16FC1B6}.Template|x86.ActiveCfg = Template|Win32
		{4F13E66F-A8C3-4615-B5FA-6CE0A16FC1B6}.Template|x86.Build.0 = Template|Win32
		{2EE17C41-AF06-47F3-84CC-12049884E9B8}.Debug|x86.ActiveCfg = Debug|Win32
		{2EE17C41-AF06-47F3-84CC-12049884E9B8}.Debug|x86.Build.0 = Debug|Win32
		{2EE17C41-AF06-47F3-84CC-12049884E9B8}.Release|x86.ActiveCfg = Release|Win32
		{2EE17C41-AF06-47F3-84CC-12049884E9B8}.Release|x86.Build.0 = Release|Win32
		{2EE17C41-AF06-47F3-84CC-12049884E9B8}.Template|x86.ActiveCfg = Template|Win32
		{2EE17C41-AF06-47F3-84CC-12049884E9B8}.Template|x86.Build.0 = Template|Win32
	EndGlobalSection
	GlobalSection(SolutionProperties) = preSolution
		HideSolutionNode = FALSE
	EndGlobalSection
	GlobalSection(ExtensibilityGlobals) = postSolution
		SolutionGuid = {F804FC44-E772-4C41-B388-06F183FA7DDA}
	EndGlobalSection
EndGlobal
