<?xml version="1.0" encoding="utf-8"?>
<Project ToolsVersion="4.0" xmlns="http://schemas.microsoft.com/developer/msbuild/2003">
  <ItemGroup>
    <Filter Include="Source Files">
      <UniqueIdentifier>{9a214ea7-1ebc-4b37-8e9d-a31ed4f97eb4}</UniqueIdentifier>
      <Extensions>cpp;c;cxx;rc;def;r;odl;hpj;bat;for;f90</Extensions>
    </Filter>
    <Filter Include="Header Files">
      <UniqueIdentifier>{3a9d2b18-f044-42d4-9892-b32adbd86ca2}</UniqueIdentifier>
      <Extensions>h;hpp;hxx;hm;inl;fi;fd</Extensions>
    </Filter>
  </ItemGroup>
  <ItemGroup>
    <ClCompile Include="ammo.cpp">
      <Filter>Source Files</Filter>
    </ClCompile>
    <ClCompile Include="ammo_secondary.cpp">
      <Filter>Source Files</Filter>
    </ClCompile>
    <ClCompile Include="ammohistory.cpp">
      <Filter>Source Files</Filter>
    </ClCompile>
    <ClCompile Include="battery.cpp">
      <Filter>Source Files</Filter>
    </ClCompile>
    <ClCompile Include="..\game_shared\bone_setup.cpp">
      <Filter>Source Files</Filter>
    </ClCompile>
    <ClCompile Include="cdll_int.cpp">
      <Filter>Source Files</Filter>
    </ClCompile>
    <ClCompile Include="..\game_shared\common.cpp">
      <Filter>Source Files</Filter>
    </ClCompile>
    <ClCompile Include="death.cpp">
      <Filter>Source Files</Filter>
    </ClCompile>
    <ClCompile Include="flashlight.cpp">
      <Filter>Source Files</Filter>
    </ClCompile>
    <ClCompile Include="geiger.cpp">
      <Filter>Source Files</Filter>
    </ClCompile>
    <ClCompile Include="health.cpp">
      <Filter>Source Files</Filter>
    </ClCompile>
    <ClCompile Include="hud.cpp">
      <Filter>Source Files</Filter>
    </ClCompile>
    <ClCompile Include="hud_msg.cpp">
      <Filter>Source Files</Filter>
    </ClCompile>
    <ClCompile Include="hud_redraw.cpp">
      <Filter>Source Files</Filter>
    </ClCompile>
    <ClCompile Include="hud_update.cpp">
      <Filter>Source Files</Filter>
    </ClCompile>
    <ClCompile Include="..\game_shared\ikcontext.cpp">
      <Filter>Source Files</Filter>
    </ClCompile>
    <ClCompile Include="input.cpp">
      <Filter>Source Files</Filter>
    </ClCompile>
    <ClCompile Include="inputw32.cpp">
      <Filter>Source Files</Filter>
    </ClCompile>
    <ClCompile Include="..\game_shared\jigglebones.cpp">
      <Filter>Source Files</Filter>
    </ClCompile>
    <ClCompile Include="..\game_shared\mathlib.cpp">
      <Filter>Source Files</Filter>
    </ClCompile>
    <ClCompile Include="..\game_shared\matrix.cpp">
      <Filter>Source Files</Filter>
    </ClCompile>
    <ClCompile Include="menu.cpp">
      <Filter>Source Files</Filter>
    </ClCompile>
    <ClCompile Include="message.cpp">
      <Filter>Source Files</Filter>
    </ClCompile>
    <ClCompile Include="motd.cpp">
      <Filter>Source Files</Filter>
    </ClCompile>
    <ClCompile Include="parsemsg.cpp">
      <Filter>Source Files</Filter>
    </ClCompile>
    <ClCompile Include="..\game_shared\playermove.cpp">
      <Filter>Source Files</Filter>
    </ClCompile>
    <ClCompile Include="..\game_shared\procbones.cpp">
      <Filter>Source Files</Filter>
    </ClCompile>
    <ClCompile Include="render\r_backend.cpp">
      <Filter>Source Files</Filter>
    </ClCompile>
    <ClCompile Include="render\r_brushdecals.cpp">
      <Filter>Source Files</Filter>
    </ClCompile>
    <ClCompile Include="render\r_cull.cpp">
      <Filter>Source Files</Filter>
    </ClCompile>
    <ClCompile Include="render\r_debug.cpp">
      <Filter>Source Files</Filter>
    </ClCompile>
    <ClCompile Include="render\r_frustum.cpp">
      <Filter>Source Files</Filter>
    </ClCompile>
    <ClCompile Include="render\r_grass.cpp">
      <Filter>Source Files</Filter>
    </ClCompile>
    <ClCompile Include="render\r_light.cpp">
      <Filter>Source Files</Filter>
    </ClCompile>
    <ClCompile Include="render\r_lightmap.cpp">
      <Filter>Source Files</Filter>
    </ClCompile>
    <ClCompile Include="render\r_main.cpp">
      <Filter>Source Files</Filter>
    </ClCompile>
    <ClCompile Include="render\r_misc.cpp">
      <Filter>Source Files</Filter>
    </ClCompile>
    <ClCompile Include="render\r_movie.cpp">
      <Filter>Source Files</Filter>
    </ClCompile>
    <ClCompile Include="render\r_opengl.cpp">
      <Filter>Source Files</Filter>
    </ClCompile>
    <ClCompile Include="render\r_particle.cpp">
      <Filter>Source Files</Filter>
    </ClCompile>
    <ClCompile Include="render\r_postprocess.cpp">
      <Filter>Source Files</Filter>
    </ClCompile>
    <ClCompile Include="render\r_shader.cpp">
      <Filter>Source Files</Filter>
    </ClCompile>
    <ClCompile Include="render\r_shadows.cpp">
      <Filter>Source Files</Filter>
    </ClCompile>
    <ClCompile Include="render\r_sprite.cpp">
      <Filter>Source Files</Filter>
    </ClCompile>
    <ClCompile Include="render\r_studio.cpp">
      <Filter>Source Files</Filter>
    </ClCompile>
    <ClCompile Include="render\r_studiodecal.cpp">
      <Filter>Source Files</Filter>
    </ClCompile>
    <ClCompile Include="render\r_subview.cpp">
      <Filter>Source Files</Filter>
    </ClCompile>
    <ClCompile Include="render\r_surf.cpp">
      <Filter>Source Files</Filter>
    </ClCompile>
    <ClCompile Include="render\r_tempents.cpp">
      <Filter>Source Files</Filter>
    </ClCompile>
    <ClCompile Include="render\r_view.cpp">
      <Filter>Source Files</Filter>
    </ClCompile>
    <ClCompile Include="render\r_warp.cpp">
      <Filter>Source Files</Filter>
    </ClCompile>
    <ClCompile Include="render\r_weather.cpp">
      <Filter>Source Files</Filter>
    </ClCompile>
    <ClCompile Include="render\r_world.cpp">
      <Filter>Source Files</Filter>
    </ClCompile>
    <ClCompile Include="saytext.cpp">
      <Filter>Source Files</Filter>
    </ClCompile>
    <ClCompile Include="scoreboard.cpp">
      <Filter>Source Files</Filter>
    </ClCompile>
    <ClCompile Include="status_icons.cpp">
      <Filter>Source Files</Filter>
    </ClCompile>
    <ClCompile Include="statusbar.cpp">
      <Filter>Source Files</Filter>
    </ClCompile>
    <ClCompile Include="..\game_shared\stringlib.cpp">
      <Filter>Source Files</Filter>
    </ClCompile>
    <ClCompile Include="text_message.cpp">
      <Filter>Source Files</Filter>
    </ClCompile>
    <ClCompile Include="train.cpp">
      <Filter>Source Files</Filter>
    </ClCompile>
    <ClCompile Include="render\tri.cpp">
      <Filter>Source Files</Filter>
    </ClCompile>
    <ClCompile Include="utils.cpp">
      <Filter>Source Files</Filter>
    </ClCompile>
  </ItemGroup>
  <ItemGroup>
    <ClInclude Include="ammo.h">
      <Filter>Header Files</Filter>
    </ClInclude>
    <ClInclude Include="ammohistory.h">
      <Filter>Header Files</Filter>
    </ClInclude>
    <ClInclude Include="..\game_shared\bs_defs.h">
      <Filter>Header Files</Filter>
    </ClInclude>
    <ClInclude Include="..\game_shared\cdll_dll.h">
      <Filter>Header Files</Filter>
    </ClInclude>
    <ClInclude Include="hud.h">
      <Filter>Header Files</Filter>
    </ClInclude>
    <ClInclude Include="hud_events.h">
      <Filter>Header Files</Filter>
    </ClInclude>
    <ClInclude Include="hud_health.h">
      <Filter>Header Files</Filter>
    </ClInclude>
    <ClInclude Include="..\game_shared\ikcontext.h">
      <Filter>Header Files</Filter>
    </ClInclude>
    <ClInclude Include="..\game_shared\iksolver.h">
      <Filter>Header Files</Filter>
    </ClInclude>
    <ClInclude Include="..\game_shared\jigglebones.h">
      <Filter>Header Files</Filter>
    </ClInclude>
    <ClInclude Include="..\game_shared\mathlib.h">
      <Filter>Header Files</Filter>
    </ClInclude>
    <ClInclude Include="parsemsg.h">
      <Filter>Header Files</Filter>
    </ClInclude>
    <ClInclude Include="..\game_shared\plane.h">
      <Filter>Header Files</Filter>
    </ClInclude>
    <ClInclude Include="..\game_shared\pm_defs.h">
      <Filter>Header Files</Filter>
    </ClInclude>
    <ClInclude Include="..\game_shared\pm_info.h">
      <Filter>Header Files</Filter>
    </ClInclude>
    <ClInclude Include="..\game_shared\pm_materials.h">
      <Filter>Header Files</Filter>
    </ClInclude>
    <ClInclude Include="..\game_shared\pm_movevars.h">
      <Filter>Header Files</Filter>
    </ClInclude>
    <ClInclude Include="..\game_shared\pm_shared.h">
      <Filter>Header Files</Filter>
    </ClInclude>
    <ClInclude Include="render\r_frustum.h">
      <Filter>Header Files</Filter>
    </ClInclude>
    <ClInclude Include="render\r_grass.h">
      <Filter>Header Files</Filter>
    </ClInclude>
    <ClInclude Include="render\r_opengl.h">
      <Filter>Header Files</Filter>
    </ClInclude>
    <ClInclude Include="render\r_particle.h">
      <Filter>Header Files</Filter>
    </ClInclude>
    <ClInclude Include="render\r_shader.h">
      <Filter>Header Files</Filter>
    </ClInclude>
    <ClInclude Include="render\r_studio.h">
      <Filter>Header Files</Filter>
    </ClInclude>
    <ClInclude Include="render\r_view.h">
      <Filter>Header Files</Filter>
    </ClInclude>
    <ClInclude Include="render\r_weather.h">
      <Filter>Header Files</Filter>
    </ClInclude>
    <ClInclude Include="render\r_world.h">
      <Filter>Header Files</Filter>
    </ClInclude>
    <ClInclude Include="utils.h">
      <Filter>Header Files</Filter>
    </ClInclude>
    <ClInclude Include="..\game_shared\vector.h">
      <Filter>Header Files</Filter>
    </ClInclude>
  </ItemGroup>
</Project>